
Microsoft Visual Studio Solution File, Format Version 12.00
# Visual Studio 15
VisualStudioVersion = 15.0.28307.572
MinimumVisualStudioVersion = 10.0.40219.1
Project("{FAE04EC0-301F-11D3-BF4B-00C04F79EFBC}") = "PartyEinladungen", "PartyEinladungen\PartyEinladungen.csproj", "{D3A24D56-5BF8-4599-8CCE-DE2F944F950E}"
EndProject
Global
	GlobalSection(SolutionConfigurationPlatforms) = preSolution
		Debug|Any CPU = Debug|Any CPU
		Release|Any CPU = Release|Any CPU
	EndGlobalSection
	GlobalSection(ProjectConfigurationPlatforms) = postSolution
		{D3A24D56-5BF8-4599-8CCE-DE2F944F950E}.Debug|Any CPU.ActiveCfg = Debug|Any CPU
		{D3A24D56-5BF8-4599-8CCE-DE2F944F950E}.Debug|Any CPU.Build.0 = Debug|Any CPU
		{D3A24D56-5BF8-4599-8CCE-DE2F944F950E}.Release|Any CPU.ActiveCfg = Release|Any CPU
		{D3A24D56-5BF8-4599-8CCE-DE2F944F950E}.Release|Any CPU.Build.0 = Release|Any CPU
	EndGlobalSection
	GlobalSection(SolutionProperties) = preSolution
		HideSolutionNode = FALSE
	EndGlobalSection
	GlobalSection(ExtensibilityGlobals) = postSolution
		SolutionGuid = {DD71CC12-2033-4BBC-B074-68B477C8F4D8}
	EndGlobalSection
EndGlobal
